// !$*UTF8*$!
{
	archiveVersion = 1;
	classes = {
	};
	objectVersion = 50;
	objects = {

/* Begin PBXBuildFile section */
		A3D20EB7234719CF00257F4A /* AppDelegate.swift in Sources */ = {isa = PBXBuildFile; fileRef = A3D20EB6234719CF00257F4A /* AppDelegate.swift */; };
		A3D20EB9234719CF00257F4A /* SceneDelegate.swift in Sources */ = {isa = PBXBuildFile; fileRef = A3D20EB8234719CF00257F4A /* SceneDelegate.swift */; };
		A3D20EBB234719CF00257F4A /* ContentView.swift in Sources */ = {isa = PBXBuildFile; fileRef = A3D20EBA234719CF00257F4A /* ContentView.swift */; };
		A3D20EBD234719D000257F4A /* Assets.xcassets in Resources */ = {isa = PBXBuildFile; fileRef = A3D20EBC234719D000257F4A /* Assets.xcassets */; };
		A3D20EC0234719D000257F4A /* Preview Assets.xcassets in Resources */ = {isa = PBXBuildFile; fileRef = A3D20EBF234719D000257F4A /* Preview Assets.xcassets */; };
		A3D20EC3234719D000257F4A /* LaunchScreen.storyboard in Resources */ = {isa = PBXBuildFile; fileRef = A3D20EC1234719D000257F4A /* LaunchScreen.storyboard */; };
/* End PBXBuildFile section */

/* Begin PBXFileReference section */
		A3D20EB3234719CF00257F4A /* MeetingApp.app */ = {isa = PBXFileReference; explicitFileType = wrapper.application; includeInIndex = 0; path = MeetingApp.app; sourceTree = BUILT_PRODUCTS_DIR; };
		A3D20EB6234719CF00257F4A /* AppDelegate.swift */ = {isa = PBXFileReference; lastKnownFileType = sourcecode.swift; path = AppDelegate.swift; sourceTree = "<group>"; };
		A3D20EB8234719CF00257F4A /* SceneDelegate.swift */ = {isa = PBXFileReference; lastKnownFileType = sourcecode.swift; path = SceneDelegate.swift; sourceTree = "<group>"; };
		A3D20EBA234719CF00257F4A /* ContentView.swift */ = {isa = PBXFileReference; lastKnownFileType = sourcecode.swift; path = ContentView.swift; sourceTree = "<group>"; };
		A3D20EBC234719D000257F4A /* Assets.xcassets */ = {isa = PBXFileReference; lastKnownFileType = folder.assetcatalog; path = Assets.xcassets; sourceTree = "<group>"; };
		A3D20EBF234719D000257F4A /* Preview Assets.xcassets */ = {isa = PBXFileReference; lastKnownFileType = folder.assetcatalog; path = "Preview Assets.xcassets"; sourceTree = "<group>"; };
		A3D20EC2234719D000257F4A /* Base */ = {isa = PBXFileReference; lastKnownFileType = file.storyboard; name = Base; path = Base.lproj/LaunchScreen.storyboard; sourceTree = "<group>"; };
		A3D20EC4234719D000257F4A /* Info.plist */ = {isa = PBXFileReference; lastKnownFileType = text.plist.xml; path = Info.plist; sourceTree = "<group>"; };
/* End PBXFileReference section */

/* Begin PBXFrameworksBuildPhase section */
		A3D20EB0234719CF00257F4A /* Frameworks */ = {
			isa = PBXFrameworksBuildPhase;
			buildActionMask = 2147483647;
			files = (
			);
			runOnlyForDeploymentPostprocessing = 0;
		};
/* End PBXFrameworksBuildPhase section */

/* Begin PBXGroup section */
		A3D20EAA234719CF00257F4A = {
			isa = PBXGroup;
			children = (
				A3D20EB5234719CF00257F4A /* MeetingApp */,
				A3D20EB4234719CF00257F4A /* Products */,
			);
			sourceTree = "<group>";
		};
		A3D20EB4234719CF00257F4A /* Products */ = {
			isa = PBXGroup;
			children = (
				A3D20EB3234719CF00257F4A /* MeetingApp.app */,
			);
			name = Products;
			sourceTree = "<group>";
		};
		A3D20EB5234719CF00257F4A /* MeetingApp */ = {
			isa = PBXGroup;
			children = (
				A3D20EB6234719CF00257F4A /* AppDelegate.swift */,
				A3D20EB8234719CF00257F4A /* SceneDelegate.swift */,
				A3D20EBA234719CF00257F4A /* ContentView.swift */,
				A3D20EBC234719D000257F4A /* Assets.xcassets */,
				A3D20EC1234719D000257F4A /* LaunchScreen.storyboard */,
				A3D20EC4234719D000257F4A /* Info.plist */,
				A3D20EBE234719D000257F4A /* Preview Content */,
			);
			path = MeetingApp;
			sourceTree = "<group>";
		};
		A3D20EBE234719D000257F4A /* Preview Content */ = {
			isa = PBXGroup;
			children = (
				A3D20EBF234719D000257F4A /* Preview Assets.xcassets */,
			);
			path = "Preview Content";
			sourceTree = "<group>";
		};
/* End PBXGroup section */

/* Begin PBXNativeTarget section */
		A3D20EB2234719CF00257F4A /* MeetingApp */ = {
			isa = PBXNativeTarget;
			buildConfigurationList = A3D20EC7234719D000257F4A /* Build configuration list for PBXNativeTarget "MeetingApp" */;
			buildPhases = (
				A3D20EAF234719CF00257F4A /* Sources */,
				A3D20EB0234719CF00257F4A /* Frameworks */,
				A3D20EB1234719CF00257F4A /* Resources */,
			);
			buildRules = (
			);
			dependencies = (
			);
			name = MeetingApp;
			productName = MeetingApp;
			productReference = A3D20EB3234719CF00257F4A /* MeetingApp.app */;
			productType = "com.apple.product-type.application";
		};
/* End PBXNativeTarget section */

/* Begin PBXProject section */
		A3D20EAB234719CF00257F4A /* Project object */ = {
			isa = PBXProject;
			attributes = {
				LastSwiftUpdateCheck = 1100;
				LastUpgradeCheck = 1100;
				ORGANIZATIONNAME = "松本 翼";
				TargetAttributes = {
					A3D20EB2234719CF00257F4A = {
						CreatedOnToolsVersion = 11.0;
					};
				};
			};
			buildConfigurationList = A3D20EAE234719CF00257F4A /* Build configuration list for PBXProject "MeetingApp" */;
			compatibilityVersion = "Xcode 9.3";
			developmentRegion = en;
			hasScannedForEncodings = 0;
			knownRegions = (
				en,
				Base,
			);
			mainGroup = A3D20EAA234719CF00257F4A;
			productRefGroup = A3D20EB4234719CF00257F4A /* Products */;
			projectDirPath = "";
			projectRoot = "";
			targets = (
				A3D20EB2234719CF00257F4A /* MeetingApp */,
			);
		};
/* End PBXProject section */

/* Begin PBXResourcesBuildPhase section */
		A3D20EB1234719CF00257F4A /* Resources */ = {
			isa = PBXResourcesBuildPhase;
			buildActionMask = 2147483647;
			files = (
				A3D20EC3234719D000257F4A /* LaunchScreen.storyboard in Resources */,
				A3D20EC0234719D000257F4A /* Preview Assets.xcassets in Resources */,
				A3D20EBD234719D000257F4A /* Assets.xcassets in Resources */,
			);
			runOnlyForDeploymentPostprocessing = 0;
		};
/* End PBXResourcesBuildPhase section */

/* Begin PBXSourcesBuildPhase section */
		A3D20EAF234719CF00257F4A /* Sources */ = {
			isa = PBXSourcesBuildPhase;
			buildActionMask = 2147483647;
			files = (
				A3D20EB7234719CF00257F4A /* AppDelegate.swift in Sources */,
				A3D20EB9234719CF00257F4A /* SceneDelegate.swift in Sources */,
				A3D20EBB234719CF00257F4A /* ContentView.swift in Sources */,
			);
			runOnlyForDeploymentPostprocessing = 0;
		};
/* End PBXSourcesBuildPhase section */

/* Begin PBXVariantGroup section */
		A3D20EC1234719D000257F4A /* LaunchScreen.storyboard */ = {
			isa = PBXVariantGroup;
			children = (
				A3D20EC2234719D000257F4A /* Base */,
			);
			name = LaunchScreen.storyboard;
			sourceTree = "<group>";
		};
/* End PBXVariantGroup section */

/* Begin XCBuildConfiguration section */
		A3D20EC5234719D000257F4A /* Debug */ = {
			isa = XCBuildConfiguration;
			buildSettings = {
				ALWAYS_SEARCH_USER_PATHS = NO;
				CLANG_ANALYZER_NONNULL = YES;
				CLANG_ANALYZER_NUMBER_OBJECT_CONVERSION = YES_AGGRESSIVE;
				CLANG_CXX_LANGUAGE_STANDARD = "gnu++14";
				CLANG_CXX_LIBRARY = "libc++";
				CLANG_ENABLE_MODULES = YES;
				CLANG_ENABLE_OBJC_ARC = YES;
				CLANG_ENABLE_OBJC_WEAK = YES;
				CLANG_WARN_BLOCK_CAPTURE_AUTORELEASING = YES;
				CLANG_WARN_BOOL_CONVERSION = YES;
				CLANG_WARN_COMMA = YES;
				CLANG_WARN_CONSTANT_CONVERSION = YES;
				CLANG_WARN_DEPRECATED_OBJC_IMPLEMENTATIONS = YES;
				CLANG_WARN_DIRECT_OBJC_ISA_USAGE = YES_ERROR;
				CLANG_WARN_DOCUMENTATION_COMMENTS = YES;
				CLANG_WARN_EMPTY_BODY = YES;
				CLANG_WARN_ENUM_CONVERSION = YES;
				CLANG_WARN_INFINITE_RECURSION = YES;
				CLANG_WARN_INT_CONVERSION = YES;
				CLANG_WARN_NON_LITERAL_NULL_CONVERSION = YES;
				CLANG_WARN_OBJC_IMPLICIT_RETAIN_SELF = YES;
				CLANG_WARN_OBJC_LITERAL_CONVERSION = YES;
				CLANG_WARN_OBJC_ROOT_CLASS = YES_ERROR;
				CLANG_WARN_RANGE_LOOP_ANALYSIS = YES;
				CLANG_WARN_STRICT_PROTOTYPES = YES;
				CLANG_WARN_SUSPICIOUS_MOVE = YES;
				CLANG_WARN_UNGUARDED_AVAILABILITY = YES_AGGRESSIVE;
				CLANG_WARN_UNREACHABLE_CODE = YES;
				CLANG_WARN__DUPLICATE_METHOD_MATCH = YES;
				COPY_PHASE_STRIP = NO;
				DEBUG_INFORMATION_FORMAT = dwarf;
				ENABLE_STRICT_OBJC_MSGSEND = YES;
				ENABLE_TESTABILITY = YES;
				GCC_C_LANGUAGE_STANDARD = gnu11;
				GCC_DYNAMIC_NO_PIC = NO;
				GCC_NO_COMMON_BLOCKS = YES;
				GCC_OPTIMIZATION_LEVEL = 0;
				GCC_PREPROCESSOR_DEFINITIONS = (
					"DEBUG=1",
					"$(inherited)",
				);
				GCC_WARN_64_TO_32_BIT_CONVERSION = YES;
				GCC_WARN_ABOUT_RETURN_TYPE = YES_ERROR;
				GCC_WARN_UNDECLARED_SELECTOR = YES;
				GCC_WARN_UNINITIALIZED_AUTOS = YES_AGGRESSIVE;
				GCC_WARN_UNUSED_FUNCTION = YES;
				GCC_WARN_UNUSED_VARIABLE = YES;
				IPHONEOS_DEPLOYMENT_TARGET = 13.0;
				MTL_ENABLE_DEBUG_INFO = INCLUDE_SOURCE;
				MTL_FAST_MATH = YES;
				ONLY_ACTIVE_ARCH = YES;
				SDKROOT = iphoneos;
				SWIFT_ACTIVE_COMPILATION_CONDITIONS = DEBUG;
				SWIFT_OPTIMIZATION_LEVEL = "-Onone";
			};
			name = Debug;
		};
		A3D20EC6234719D000257F4A /* Release */ = {
			isa = XCBuildConfiguration;
			buildSettings = {
				ALWAYS_SEARCH_USER_PATHS = NO;
				CLANG_ANALYZER_NONNULL = YES;
				CLANG_ANALYZER_NUMBER_OBJECT_CONVERSION = YES_AGGRESSIVE;
				CLANG_CXX_LANGUAGE_STANDARD = "gnu++14";
				CLANG_CXX_LIBRARY = "libc++";
				CLANG_ENABLE_MODULES = YES;
				CLANG_ENABLE_OBJC_ARC = YES;
				CLANG_ENABLE_OBJC_WEAK = YES;
				CLANG_WARN_BLOCK_CAPTURE_AUTORELEASING = YES;
				CLANG_WARN_BOOL_CONVERSION = YES;
				CLANG_WARN_COMMA = YES;
				CLANG_WARN_CONSTANT_CONVERSION = YES;
				CLANG_WARN_DEPRECATED_OBJC_IMPLEMENTATIONS = YES;
				CLANG_WARN_DIRECT_OBJC_ISA_USAGE = YES_ERROR;
				CLANG_WARN_DOCUMENTATION_COMMENTS = YES;
				CLANG_WARN_EMPTY_BODY = YES;
				CLANG_WARN_ENUM_CONVERSION = YES;
				CLANG_WARN_INFINITE_RECURSION = YES;
				CLANG_WARN_INT_CONVERSION = YES;
				CLANG_WARN_NON_LITERAL_NULL_CONVERSION = YES;
				CLANG_WARN_OBJC_IMPLICIT_RETAIN_SELF = YES;
				CLANG_WARN_OBJC_LITERAL_CONVERSION = YES;
				CLANG_WARN_OBJC_ROOT_CLASS = YES_ERROR;
				CLANG_WARN_RANGE_LOOP_ANALYSIS = YES;
				CLANG_WARN_STRICT_PROTOTYPES = YES;
				CLANG_WARN_SUSPICIOUS_MOVE = YES;
				CLANG_WARN_UNGUARDED_AVAILABILITY = YES_AGGRESSIVE;
				CLANG_WARN_UNREACHABLE_CODE = YES;
				CLANG_WARN__DUPLICATE_METHOD_MATCH = YES;
				COPY_PHASE_STRIP = NO;
				DEBUG_INFORMATION_FORMAT = "dwarf-with-dsym";
				ENABLE_NS_ASSERTIONS = NO;
				ENABLE_STRICT_OBJC_MSGSEND = YES;
				GCC_C_LANGUAGE_STANDARD = gnu11;
				GCC_NO_COMMON_BLOCKS = YES;
				GCC_WARN_64_TO_32_BIT_CONVERSION = YES;
				GCC_WARN_ABOUT_RETURN_TYPE = YES_ERROR;
				GCC_WARN_UNDECLARED_SELECTOR = YES;
				GCC_WARN_UNINITIALIZED_AUTOS = YES_AGGRESSIVE;
				GCC_WARN_UNUSED_FUNCTION = YES;
				GCC_WARN_UNUSED_VARIABLE = YES;
				IPHONEOS_DEPLOYMENT_TARGET = 13.0;
				MTL_ENABLE_DEBUG_INFO = NO;
				MTL_FAST_MATH = YES;
				SDKROOT = iphoneos;
				SWIFT_COMPILATION_MODE = wholemodule;
				SWIFT_OPTIMIZATION_LEVEL = "-O";
				VALIDATE_PRODUCT = YES;
			};
			name = Release;
		};
		A3D20EC8234719D000257F4A /* Debug */ = {
			isa = XCBuildConfiguration;
			buildSettings = {
				ASSETCATALOG_COMPILER_APPICON_NAME = AppIcon;
				CODE_SIGN_STYLE = Automatic;
				DEVELOPMENT_ASSET_PATHS = "\"MeetingApp/Preview Content\"";
				DEVELOPMENT_TEAM = 9MN72CG488;
				ENABLE_PREVIEWS = YES;
				INFOPLIST_FILE = MeetingApp/Info.plist;
				LD_RUNPATH_SEARCH_PATHS = (
					"$(inherited)",
					"@executable_path/Frameworks",
				);
				PRODUCT_BUNDLE_IDENTIFIER = "matsumoto-ts.MeetingApp";
				PRODUCT_NAME = "$(TARGET_NAME)";
				SWIFT_VERSION = 5.0;
				TARGETED_DEVICE_FAMILY = "1,2";
			};
			name = Debug;
		};
		A3D20EC9234719D000257F4A /* Release */ = {
			isa = XCBuildConfiguration;
			buildSettings = {
				ASSETCATALOG_COMPILER_APPICON_NAME = AppIcon;
				CODE_SIGN_STYLE = Automatic;
				DEVELOPMENT_ASSET_PATHS = "\"MeetingApp/Preview Content\"";
				DEVELOPMENT_TEAM = 9MN72CG488;
				ENABLE_PREVIEWS = YES;
				INFOPLIST_FILE = MeetingApp/Info.plist;
				LD_RUNPATH_SEARCH_PATHS = (
					"$(inherited)",
					"@executable_path/Frameworks",
				);
				PRODUCT_BUNDLE_IDENTIFIER = "matsumoto-ts.MeetingApp";
				PRODUCT_NAME = "$(TARGET_NAME)";
				SWIFT_VERSION = 5.0;
				TARGETED_DEVICE_FAMILY = "1,2";
			};
			name = Release;
		};
/* End XCBuildConfiguration section */

/* Begin XCConfigurationList section */
		A3D20EAE234719CF00257F4A /* Build configuration list for PBXProject "MeetingApp" */ = {
			isa = XCConfigurationList;
			buildConfigurations = (
				A3D20EC5234719D000257F4A /* Debug */,
				A3D20EC6234719D000257F4A /* Release */,
			);
			defaultConfigurationIsVisible = 0;
			defaultConfigurationName = Release;
		};
		A3D20EC7234719D000257F4A /* Build configuration list for PBXNativeTarget "MeetingApp" */ = {
			isa = XCConfigurationList;
			buildConfigurations = (
				A3D20EC8234719D000257F4A /* Debug */,
				A3D20EC9234719D000257F4A /* Release */,
			);
			defaultConfigurationIsVisible = 0;
			defaultConfigurationName = Release;
		};
/* End XCConfigurationList section */
	};
	rootObject = A3D20EAB234719CF00257F4A /* Project object */;
}
